// !$*UTF8*$!
{
	archiveVersion = 1;
	classes = {
	};
	objectVersion = 77;
	objects = {

/* Begin PBXBuildFile section */
		00863D4473F9BEBB2846B9BF /* StateMachine.swift in Sources */ = {isa = PBXBuildFile; fileRef = 8EBC9083AB6CFBFD94734F0B /* StateMachine.swift */; };
		10BEA6A897A84B5E6A6973B1 /* TimerManager.swift in Sources */ = {isa = PBXBuildFile; fileRef = 9650AF4E93E22526B4A99521 /* TimerManager.swift */; };
		179F2929C1280C86B3E266A6 /* SettingsWindowController.swift in Sources */ = {isa = PBXBuildFile; fileRef = 5CCB6207267F5C3452324B74 /* SettingsWindowController.swift */; };
		3ABCC27C7F4B9CA51BBBC906 /* Assets.xcassets in Resources */ = {isa = PBXBuildFile; fileRef = DB3C76F23D59C8FA85E7C1EA /* Assets.xcassets */; };
		4F2C43A7D0C475DC0CFAE44A /* LockScreenMonitor.swift in Sources */ = {isa = PBXBuildFile; fileRef = C384D7842FF70843B032A136 /* LockScreenMonitor.swift */; };
		59674A9C59AFC20A8335EF13 /* SocketBridge.swift in Sources */ = {isa = PBXBuildFile; fileRef = 3EF024B07DCD3D7FA6D4A283 /* SocketBridge.swift */; };
		7802780B81A0ADE9E4BAA905 /* LoginItemManager.swift in Sources */ = {isa = PBXBuildFile; fileRef = A96202C8DB002514B2A08326 /* LoginItemManager.swift */; };
		8E541B77DE3ECB7529B6B971 /* SoundManager.swift in Sources */ = {isa = PBXBuildFile; fileRef = 45A9FDF9BED4048D9CE96627 /* SoundManager.swift */; };
		D0580FE46E482C183A2E9754 /* Settings.swift in Sources */ = {isa = PBXBuildFile; fileRef = C7420247C36273FEE7137939 /* Settings.swift */; };
		D1853B7CDC5B7559DCBC117C /* AppDelegate.swift in Sources */ = {isa = PBXBuildFile; fileRef = 93BD80D60F81F32FB77FCA97 /* AppDelegate.swift */; };
		DCE87AF5F6C7B244A624D2A5 /* HotkeyManager.swift in Sources */ = {isa = PBXBuildFile; fileRef = 9E7E62EA4297D0F2B0333D62 /* HotkeyManager.swift */; };
		E13916EF355A03381FD28842 /* main.swift in Sources */ = {isa = PBXBuildFile; fileRef = 9211CAD0BAC93F0685AAE8A2 /* main.swift */; };
		E29F1F58C5868B954EC2AE70 /* StatusBarController.swift in Sources */ = {isa = PBXBuildFile; fileRef = D69B95E3CA5DE16846A232EF /* StatusBarController.swift */; };
		F8367868D28767109FE048E1 /* NotificationManager.swift in Sources */ = {isa = PBXBuildFile; fileRef = 3DB773750B90275492596685 /* NotificationManager.swift */; };
		FAA442CB7E5E6349A872A469 /* RestWindowController.swift in Sources */ = {isa = PBXBuildFile; fileRef = 42C385397E83EBD3E5E96CC6 /* RestWindowController.swift */; };
		FF34F782EE44C4CC640C2B55 /* UserNotifications.framework in Frameworks */ = {isa = PBXBuildFile; fileRef = 74E3AAF8330651BFB3517313 /* UserNotifications.framework */; };
/* End PBXBuildFile section */

/* Begin PBXFileReference section */
		3DB773750B90275492596685 /* NotificationManager.swift */ = {isa = PBXFileReference; lastKnownFileType = sourcecode.swift; path = NotificationManager.swift; sourceTree = "<group>"; };
		3EF024B07DCD3D7FA6D4A283 /* SocketBridge.swift */ = {isa = PBXFileReference; lastKnownFileType = sourcecode.swift; path = SocketBridge.swift; sourceTree = "<group>"; };
		42C385397E83EBD3E5E96CC6 /* RestWindowController.swift */ = {isa = PBXFileReference; lastKnownFileType = sourcecode.swift; path = RestWindowController.swift; sourceTree = "<group>"; };
		45A9FDF9BED4048D9CE96627 /* SoundManager.swift */ = {isa = PBXFileReference; lastKnownFileType = sourcecode.swift; path = SoundManager.swift; sourceTree = "<group>"; };
		5CCB6207267F5C3452324B74 /* SettingsWindowController.swift */ = {isa = PBXFileReference; lastKnownFileType = sourcecode.swift; path = SettingsWindowController.swift; sourceTree = "<group>"; };
		74E3AAF8330651BFB3517313 /* UserNotifications.framework */ = {isa = PBXFileReference; lastKnownFileType = wrapper.framework; path = UserNotifications.framework; sourceTree = "<group>"; };
		8EBC9083AB6CFBFD94734F0B /* StateMachine.swift */ = {isa = PBXFileReference; lastKnownFileType = sourcecode.swift; path = StateMachine.swift; sourceTree = "<group>"; };
		9211CAD0BAC93F0685AAE8A2 /* main.swift */ = {isa = PBXFileReference; lastKnownFileType = sourcecode.swift; path = main.swift; sourceTree = "<group>"; };
		93BD80D60F81F32FB77FCA97 /* AppDelegate.swift */ = {isa = PBXFileReference; lastKnownFileType = sourcecode.swift; path = AppDelegate.swift; sourceTree = "<group>"; };
		9650AF4E93E22526B4A99521 /* TimerManager.swift */ = {isa = PBXFileReference; lastKnownFileType = sourcecode.swift; path = TimerManager.swift; sourceTree = "<group>"; };
		9E7E62EA4297D0F2B0333D62 /* HotkeyManager.swift */ = {isa = PBXFileReference; lastKnownFileType = sourcecode.swift; path = HotkeyManager.swift; sourceTree = "<group>"; };
		A96202C8DB002514B2A08326 /* LoginItemManager.swift */ = {isa = PBXFileReference; lastKnownFileType = sourcecode.swift; path = LoginItemManager.swift; sourceTree = "<group>"; };
		C384D7842FF70843B032A136 /* LockScreenMonitor.swift */ = {isa = PBXFileReference; lastKnownFileType = sourcecode.swift; path = LockScreenMonitor.swift; sourceTree = "<group>"; };
		C7420247C36273FEE7137939 /* Settings.swift */ = {isa = PBXFileReference; lastKnownFileType = sourcecode.swift; path = Settings.swift; sourceTree = "<group>"; };
		D69B95E3CA5DE16846A232EF /* StatusBarController.swift */ = {isa = PBXFileReference; lastKnownFileType = sourcecode.swift; path = StatusBarController.swift; sourceTree = "<group>"; };
		DB3C76F23D59C8FA85E7C1EA /* Assets.xcassets */ = {isa = PBXFileReference; lastKnownFileType = folder.assetcatalog; path = Assets.xcassets; sourceTree = "<group>"; };
		E9CFAB285D60A6606C58BEBF /* EyeGuard.app */ = {isa = PBXFileReference; explicitFileType = wrapper.application; includeInIndex = 0; path = EyeGuard.app; sourceTree = BUILT_PRODUCTS_DIR; };
/* End PBXFileReference section */

/* Begin PBXFrameworksBuildPhase section */
		AC228288A00BD06FF40DA2C1 /* Frameworks */ = {
			isa = PBXFrameworksBuildPhase;
			buildActionMask = 2147483647;
			files = (
				FF34F782EE44C4CC640C2B55 /* UserNotifications.framework in Frameworks */,
			);
			runOnlyForDeploymentPostprocessing = 0;
		};
/* End PBXFrameworksBuildPhase section */

/* Begin PBXGroup section */
		3C5CDC922D73C14BD0139E9F /* Frameworks */ = {
			isa = PBXGroup;
			children = (
				74E3AAF8330651BFB3517313 /* UserNotifications.framework */,
			);
			name = Frameworks;
			sourceTree = "<group>";
		};
		45EE2DE05864B2DE921582EB = {
			isa = PBXGroup;
			children = (
				8F28EC86BE896AE480664AB0 /* Resources */,
				4CC19380FAB868AED0B0AC62 /* Sources */,
				3C5CDC922D73C14BD0139E9F /* Frameworks */,
				5C933B6015F598653B4CC7DA /* Products */,
			);
			sourceTree = "<group>";
		};
		4CC19380FAB868AED0B0AC62 /* Sources */ = {
			isa = PBXGroup;
			children = (
				93BD80D60F81F32FB77FCA97 /* AppDelegate.swift */,
				9211CAD0BAC93F0685AAE8A2 /* main.swift */,
				78A2E0D52716C7DB3F43A06C /* Core */,
				7F484E2CC23AF471128F6105 /* System */,
				B17014ED0C77ACF88F62B715 /* UI */,
			);
			path = Sources;
			sourceTree = "<group>";
		};
		5C933B6015F598653B4CC7DA /* Products */ = {
			isa = PBXGroup;
			children = (
				E9CFAB285D60A6606C58BEBF /* EyeGuard.app */,
			);
			name = Products;
			sourceTree = "<group>";
		};
		78A2E0D52716C7DB3F43A06C /* Core */ = {
			isa = PBXGroup;
			children = (
				C7420247C36273FEE7137939 /* Settings.swift */,
				8EBC9083AB6CFBFD94734F0B /* StateMachine.swift */,
				9650AF4E93E22526B4A99521 /* TimerManager.swift */,
			);
			path = Core;
			sourceTree = "<group>";
		};
		7F484E2CC23AF471128F6105 /* System */ = {
			isa = PBXGroup;
			children = (
				9E7E62EA4297D0F2B0333D62 /* HotkeyManager.swift */,
				C384D7842FF70843B032A136 /* LockScreenMonitor.swift */,
				A96202C8DB002514B2A08326 /* LoginItemManager.swift */,
				3DB773750B90275492596685 /* NotificationManager.swift */,
				3EF024B07DCD3D7FA6D4A283 /* SocketBridge.swift */,
				45A9FDF9BED4048D9CE96627 /* SoundManager.swift */,
			);
			path = System;
			sourceTree = "<group>";
		};
		8F28EC86BE896AE480664AB0 /* Resources */ = {
			isa = PBXGroup;
			children = (
				DB3C76F23D59C8FA85E7C1EA /* Assets.xcassets */,
			);
			path = Resources;
			sourceTree = "<group>";
		};
		B17014ED0C77ACF88F62B715 /* UI */ = {
			isa = PBXGroup;
			children = (
				42C385397E83EBD3E5E96CC6 /* RestWindowController.swift */,
				5CCB6207267F5C3452324B74 /* SettingsWindowController.swift */,
				D69B95E3CA5DE16846A232EF /* StatusBarController.swift */,
			);
			path = UI;
			sourceTree = "<group>";
		};
/* End PBXGroup section */

/* Begin PBXNativeTarget section */
		46242391CBA8BDB56B9DF85F /* EyeGuard */ = {
			isa = PBXNativeTarget;
			buildConfigurationList = C67F7B89DBB2647EAD301129 /* Build configuration list for PBXNativeTarget "EyeGuard" */;
			buildPhases = (
				67D59D1E769D8BD1BD30E9A9 /* Sources */,
				0C56F8BA4818ECFD7CE07313 /* Resources */,
				AC228288A00BD06FF40DA2C1 /* Frameworks */,
			);
			buildRules = (
			);
			dependencies = (
			);
			name = EyeGuard;
			packageProductDependencies = (
			);
			productName = EyeGuard;
			productReference = E9CFAB285D60A6606C58BEBF /* EyeGuard.app */;
			productType = "com.apple.product-type.application";
		};
/* End PBXNativeTarget section */

/* Begin PBXProject section */
		B67494EDCC8A5D6B7BA821FA /* Project object */ = {
			isa = PBXProject;
			attributes = {
				BuildIndependentTargetsInParallel = YES;
				LastUpgradeCheck = 1500;
				TargetAttributes = {
					46242391CBA8BDB56B9DF85F = {
						DevelopmentTeam = "";
						ProvisioningStyle = Manual;
					};
				};
			};
			buildConfigurationList = 94F8BF4A1090AD5FDE8821CC /* Build configuration list for PBXProject "EyeGuard" */;
			developmentRegion = en;
			hasScannedForEncodings = 0;
			knownRegions = (
				Base,
				en,
			);
			mainGroup = 45EE2DE05864B2DE921582EB;
			minimizedProjectReferenceProxies = 1;
			preferredProjectObjectVersion = 77;
			productRefGroup = 5C933B6015F598653B4CC7DA /* Products */;
			projectDirPath = "";
			projectRoot = "";
			targets = (
				46242391CBA8BDB56B9DF85F /* EyeGuard */,
			);
		};
/* End PBXProject section */

/* Begin PBXResourcesBuildPhase section */
		0C56F8BA4818ECFD7CE07313 /* Resources */ = {
			isa = PBXResourcesBuildPhase;
			buildActionMask = 2147483647;
			files = (
				3ABCC27C7F4B9CA51BBBC906 /* Assets.xcassets in Resources */,
			);
			runOnlyForDeploymentPostprocessing = 0;
		};
/* End PBXResourcesBuildPhase section */

/* Begin PBXSourcesBuildPhase section */
		67D59D1E769D8BD1BD30E9A9 /* Sources */ = {
			isa = PBXSourcesBuildPhase;
			buildActionMask = 2147483647;
			files = (
				D1853B7CDC5B7559DCBC117C /* AppDelegate.swift in Sources */,
				DCE87AF5F6C7B244A624D2A5 /* HotkeyManager.swift in Sources */,
				4F2C43A7D0C475DC0CFAE44A /* LockScreenMonitor.swift in Sources */,
				7802780B81A0ADE9E4BAA905 /* LoginItemManager.swift in Sources */,
				F8367868D28767109FE048E1 /* NotificationManager.swift in Sources */,
				FAA442CB7E5E6349A872A469 /* RestWindowController.swift in Sources */,
				D0580FE46E482C183A2E9754 /* Settings.swift in Sources */,
				179F2929C1280C86B3E266A6 /* SettingsWindowController.swift in Sources */,
				59674A9C59AFC20A8335EF13 /* SocketBridge.swift in Sources */,
				8E541B77DE3ECB7529B6B971 /* SoundManager.swift in Sources */,
				00863D4473F9BEBB2846B9BF /* StateMachine.swift in Sources */,
				E29F1F58C5868B954EC2AE70 /* StatusBarController.swift in Sources */,
				10BEA6A897A84B5E6A6973B1 /* TimerManager.swift in Sources */,
				E13916EF355A03381FD28842 /* main.swift in Sources */,
			);
			runOnlyForDeploymentPostprocessing = 0;
		};
/* End PBXSourcesBuildPhase section */

/* Begin XCBuildConfiguration section */
		AC9AF279961ADEE89E17986D /* Release */ = {
			isa = XCBuildConfiguration;
			buildSettings = {
				ASSETCATALOG_COMPILER_APPICON_NAME = AppIcon;
				CODE_SIGN_ENTITLEMENTS = EyeGuard.entitlements;
				COMBINE_HIDPI_IMAGES = YES;
				FRAMEWORK_SEARCH_PATHS = (
					"$(inherited)",
					"\".\"",
				);
				INFOPLIST_FILE = Info.plist;
				LD_RUNPATH_SEARCH_PATHS = "$(inherited) @executable_path/../Frameworks";
				PRODUCT_BUNDLE_IDENTIFIER = com.eyeguard.app;
				SDKROOT = macosx;
			};
			name = Release;
		};
		BF0610D48677BC5892F10893 /* Debug */ = {
			isa = XCBuildConfiguration;
			buildSettings = {
				ALWAYS_SEARCH_USER_PATHS = NO;
				CLANG_ANALYZER_NONNULL = YES;
				CLANG_ANALYZER_NUMBER_OBJECT_CONVERSION = YES_AGGRESSIVE;
				CLANG_CXX_LANGUAGE_STANDARD = "gnu++14";
				CLANG_CXX_LIBRARY = "libc++";
				CLANG_ENABLE_MODULES = YES;
				CLANG_ENABLE_OBJC_ARC = YES;
				CLANG_ENABLE_OBJC_WEAK = YES;
				CLANG_WARN_BLOCK_CAPTURE_AUTORELEASING = YES;
				CLANG_WARN_BOOL_CONVERSION = YES;
				CLANG_WARN_COMMA = YES;
				CLANG_WARN_CONSTANT_CONVERSION = YES;
				CLANG_WARN_DEPRECATED_OBJC_IMPLEMENTATIONS = YES;
				CLANG_WARN_DIRECT_OBJC_ISA_USAGE = YES_ERROR;
				CLANG_WARN_DOCUMENTATION_COMMENTS = YES;
				CLANG_WARN_EMPTY_BODY = YES;
				CLANG_WARN_ENUM_CONVERSION = YES;
				CLANG_WARN_INFINITE_RECURSION = YES;
				CLANG_WARN_INT_CONVERSION = YES;
				CLANG_WARN_NON_LITERAL_NULL_CONVERSION = YES;
				CLANG_WARN_OBJC_IMPLICIT_RETAIN_SELF = YES;
				CLANG_WARN_OBJC_LITERAL_CONVERSION = YES;
				CLANG_WARN_OBJC_ROOT_CLASS = YES_ERROR;
				CLANG_WARN_QUOTED_INCLUDE_IN_FRAMEWORK_HEADER = YES;
				CLANG_WARN_RANGE_LOOP_ANALYSIS = YES;
				CLANG_WARN_STRICT_PROTOTYPES = YES;
				CLANG_WARN_SUSPICIOUS_MOVE = YES;
				CLANG_WARN_UNGUARDED_AVAILABILITY = YES_AGGRESSIVE;
				CLANG_WARN_UNREACHABLE_CODE = YES;
				CLANG_WARN__DUPLICATE_METHOD_MATCH = YES;
				CODE_SIGN_IDENTITY = "-";
				CODE_SIGN_STYLE = Manual;
				COPY_PHASE_STRIP = NO;
				CURRENT_PROJECT_VERSION = 1;
				DEBUG_INFORMATION_FORMAT = dwarf;
				DEVELOPMENT_TEAM = "";
				ENABLE_STRICT_OBJC_MSGSEND = YES;
				ENABLE_TESTABILITY = YES;
				GCC_C_LANGUAGE_STANDARD = gnu11;
				GCC_DYNAMIC_NO_PIC = NO;
				GCC_NO_COMMON_BLOCKS = YES;
				GCC_OPTIMIZATION_LEVEL = 0;
				GCC_PREPROCESSOR_DEFINITIONS = (
					"$(inherited)",
					"DEBUG=1",
				);
				GCC_WARN_64_TO_32_BIT_CONVERSION = YES;
				GCC_WARN_ABOUT_RETURN_TYPE = YES_ERROR;
				GCC_WARN_UNDECLARED_SELECTOR = YES;
				GCC_WARN_UNINITIALIZED_AUTOS = YES_AGGRESSIVE;
				GCC_WARN_UNUSED_FUNCTION = YES;
				GCC_WARN_UNUSED_VARIABLE = YES;
				MACOSX_DEPLOYMENT_TARGET = 12.0;
				MARKETING_VERSION = 1.0.0;
				MTL_ENABLE_DEBUG_INFO = INCLUDE_SOURCE;
				MTL_FAST_MATH = YES;
				ONLY_ACTIVE_ARCH = YES;
				PRODUCT_NAME = EyeGuard;
				SDKROOT = macosx;
				SWIFT_ACTIVE_COMPILATION_CONDITIONS = DEBUG;
				SWIFT_OPTIMIZATION_LEVEL = "-Onone";
				SWIFT_VERSION = 5.9;
			};
			name = Debug;
		};
		E0AA19CB9D32AB346289CEB3 /* Debug */ = {
			isa = XCBuildConfiguration;
			buildSettings = {
				ASSETCATALOG_COMPILER_APPICON_NAME = AppIcon;
				CODE_SIGN_ENTITLEMENTS = EyeGuard.entitlements;
				COMBINE_HIDPI_IMAGES = YES;
				FRAMEWORK_SEARCH_PATHS = (
					"$(inherited)",
					"\".\"",
				);
				INFOPLIST_FILE = Info.plist;
				LD_RUNPATH_SEARCH_PATHS = "$(inherited) @executable_path/../Frameworks";
				PRODUCT_BUNDLE_IDENTIFIER = com.eyeguard.app;
				SDKROOT = macosx;
			};
			name = Debug;
		};
		E1D7EC823AB3EE747F8735C8 /* Release */ = {
			isa = XCBuildConfiguration;
			buildSettings = {
				ALWAYS_SEARCH_USER_PATHS = NO;
				CLANG_ANALYZER_NONNULL = YES;
				CLANG_ANALYZER_NUMBER_OBJECT_CONVERSION = YES_AGGRESSIVE;
				CLANG_CXX_LANGUAGE_STANDARD = "gnu++14";
				CLANG_CXX_LIBRARY = "libc++";
				CLANG_ENABLE_MODULES = YES;
				CLANG_ENABLE_OBJC_ARC = YES;
				CLANG_ENABLE_OBJC_WEAK = YES;
				CLANG_WARN_BLOCK_CAPTURE_AUTORELEASING = YES;
				CLANG_WARN_BOOL_CONVERSION = YES;
				CLANG_WARN_COMMA = YES;
				CLANG_WARN_CONSTANT_CONVERSION = YES;
				CLANG_WARN_DEPRECATED_OBJC_IMPLEMENTATIONS = YES;
				CLANG_WARN_DIRECT_OBJC_ISA_USAGE = YES_ERROR;
				CLANG_WARN_DOCUMENTATION_COMMENTS = YES;
				CLANG_WARN_EMPTY_BODY = YES;
				CLANG_WARN_ENUM_CONVERSION = YES;
				CLANG_WARN_INFINITE_RECURSION = YES;
				CLANG_WARN_INT_CONVERSION = YES;
				CLANG_WARN_NON_LITERAL_NULL_CONVERSION = YES;
				CLANG_WARN_OBJC_IMPLICIT_RETAIN_SELF = YES;
				CLANG_WARN_OBJC_LITERAL_CONVERSION = YES;
				CLANG_WARN_OBJC_ROOT_CLASS = YES_ERROR;
				CLANG_WARN_QUOTED_INCLUDE_IN_FRAMEWORK_HEADER = YES;
				CLANG_WARN_RANGE_LOOP_ANALYSIS = YES;
				CLANG_WARN_STRICT_PROTOTYPES = YES;
				CLANG_WARN_SUSPICIOUS_MOVE = YES;
				CLANG_WARN_UNGUARDED_AVAILABILITY = YES_AGGRESSIVE;
				CLANG_WARN_UNREACHABLE_CODE = YES;
				CLANG_WARN__DUPLICATE_METHOD_MATCH = YES;
				CODE_SIGN_IDENTITY = "-";
				CODE_SIGN_STYLE = Manual;
				COPY_PHASE_STRIP = NO;
				CURRENT_PROJECT_VERSION = 1;
				DEBUG_INFORMATION_FORMAT = "dwarf-with-dsym";
				DEVELOPMENT_TEAM = "";
				ENABLE_NS_ASSERTIONS = NO;
				ENABLE_STRICT_OBJC_MSGSEND = YES;
				GCC_C_LANGUAGE_STANDARD = gnu11;
				GCC_NO_COMMON_BLOCKS = YES;
				GCC_WARN_64_TO_32_BIT_CONVERSION = YES;
				GCC_WARN_ABOUT_RETURN_TYPE = YES_ERROR;
				GCC_WARN_UNDECLARED_SELECTOR = YES;
				GCC_WARN_UNINITIALIZED_AUTOS = YES_AGGRESSIVE;
				GCC_WARN_UNUSED_FUNCTION = YES;
				GCC_WARN_UNUSED_VARIABLE = YES;
				MACOSX_DEPLOYMENT_TARGET = 12.0;
				MARKETING_VERSION = 1.0.0;
				MTL_ENABLE_DEBUG_INFO = NO;
				MTL_FAST_MATH = YES;
				PRODUCT_NAME = EyeGuard;
				SDKROOT = macosx;
				SWIFT_COMPILATION_MODE = wholemodule;
				SWIFT_OPTIMIZATION_LEVEL = "-O";
				SWIFT_VERSION = 5.9;
			};
			name = Release;
		};
/* End XCBuildConfiguration section */

/* Begin XCConfigurationList section */
		94F8BF4A1090AD5FDE8821CC /* Build configuration list for PBXProject "EyeGuard" */ = {
			isa = XCConfigurationList;
			buildConfigurations = (
				BF0610D48677BC5892F10893 /* Debug */,
				E1D7EC823AB3EE747F8735C8 /* Release */,
			);
			defaultConfigurationIsVisible = 0;
			defaultConfigurationName = Debug;
		};
		C67F7B89DBB2647EAD301129 /* Build configuration list for PBXNativeTarget "EyeGuard" */ = {
			isa = XCConfigurationList;
			buildConfigurations = (
				E0AA19CB9D32AB346289CEB3 /* Debug */,
				AC9AF279961ADEE89E17986D /* Release */,
			);
			defaultConfigurationIsVisible = 0;
			defaultConfigurationName = Debug;
		};
/* End XCConfigurationList section */
	};
	rootObject = B67494EDCC8A5D6B7BA821FA /* Project object */;
}
